github.com/digitorus/pkcs7 v0.0.0-20250730155240-ffadbf3f398c h1:g349iS+CtAvba7i0Ee9EP1TlTZ9w+UncBY6HSmsFZa0=
github.com/digitorus/pkcs7 v0.0.0-20250730155240-ffadbf3f398c/go.mod h1:mCGGmWkOQvEuLdIRfPIpXViBfpWto4AhwtJlAvo62SQ=
github.com/digitorus/timestamp v0.0.0-20250524132541-c45532741eea h1:ALRwvjsSP53QmnN3Bcj0NpR8SsFLnskny/EIMebAk1c=
github.com/digitorus/timestamp v0.0.0-20250524132541-c45532741eea/go.mod h1:GvWntX9qiTlOud0WkQ6ewFm0LPy5JUR1Xo0Ngbd1w6Y=
github.com/miekg/pkcs11 v1.1.2 h1:/VxmeAX5qU6Q3EwafypogwWbYryHFmF2RpkJmw3m4MQ=
github.com/miekg/pkcs11 v1.1.2/go.mod h1:XsNlhZGX73bx86s2hdc/FuaLm2CPZJemRLMA+WTFxgs=
